
Microsoft Visual Studio Solution File, Format Version 12.00
# Visual Studio Version 17
VisualStudioVersion = 17.14.36203.30 d17.14
MinimumVisualStudioVersion = 10.0.40219.1
Project("{FAE04EC0-301F-11D3-BF4B-00C04F79EFBC}") = "WebAPI", "MeachineTest\WebAPI.csproj", "{FE91140B-789B-4A1B-AEC6-FFC473B27E04}"
EndProject
Project("{FAE04EC0-301F-11D3-BF4B-00C04F79EFBC}") = "BlazorApp1", "BlazorApp1\BlazorApp1.csproj", "{7F0F1222-8E69-40BA-A0D0-387C9DC18AAE}"
EndProject
Global
	GlobalSection(SolutionConfigurationPlatforms) = preSolution
		Debug|Any CPU = Debug|Any CPU
		Release|Any CPU = Release|Any CPU
	EndGlobalSection
	GlobalSection(ProjectConfigurationPlatforms) = postSolution
		{FE91140B-789B-4A1B-AEC6-FFC473B27E04}.Debug|Any CPU.ActiveCfg = Debug|Any CPU
		{FE91140B-789B-4A1B-AEC6-FFC473B27E04}.Debug|Any CPU.Build.0 = Debug|Any CPU
		{FE91140B-789B-4A1B-AEC6-FFC473B27E04}.Release|Any CPU.ActiveCfg = Release|Any CPU
		{FE91140B-789B-4A1B-AEC6-FFC473B27E04}.Release|Any CPU.Build.0 = Release|Any CPU
		{7F0F1222-8E69-40BA-A0D0-387C9DC18AAE}.Debug|Any CPU.ActiveCfg = Debug|Any CPU
		{7F0F1222-8E69-40BA-A0D0-387C9DC18AAE}.Debug|Any CPU.Build.0 = Debug|Any CPU
		{7F0F1222-8E69-40BA-A0D0-387C9DC18AAE}.Release|Any CPU.ActiveCfg = Release|Any CPU
		{7F0F1222-8E69-40BA-A0D0-387C9DC18AAE}.Release|Any CPU.Build.0 = Release|Any CPU
	EndGlobalSection
	GlobalSection(SolutionProperties) = preSolution
		HideSolutionNode = FALSE
	EndGlobalSection
	GlobalSection(ExtensibilityGlobals) = postSolution
		SolutionGuid = {0611DC82-A581-48E7-A7F6-1C0263C78AE9}
	EndGlobalSection
EndGlobal
